
Microsoft Visual Studio Solution File, Format Version 12.00
# Visual Studio 15
VisualStudioVersion = 15.0.26730.12
MinimumVisualStudioVersion = 10.0.40219.1
Project("{FAE04EC0-301F-11D3-BF4B-00C04F79EFBC}") = "EfCoreGenericRepository", "EfCoreGenericRepository\EfCoreGenericRepository.csproj", "{BABCF26A-B9D2-437F-BCA6-342F9E02DB55}"
EndProject
Project("{FAE04EC0-301F-11D3-BF4B-00C04F79EFBC}") = "Blog.Ui", "Blog.Ui\Blog.Ui.csproj", "{D5486EA2-3EAA-412C-B2FD-26E7EEA8A09C}"
EndProject
Global
	GlobalSection(SolutionConfigurationPlatforms) = preSolution
		Debug|Any CPU = Debug|Any CPU
		Release|Any CPU = Release|Any CPU
	EndGlobalSection
	GlobalSection(ProjectConfigurationPlatforms) = postSolution
		{BABCF26A-B9D2-437F-BCA6-342F9E02DB55}.Debug|Any CPU.ActiveCfg = Debug|Any CPU
		{BABCF26A-B9D2-437F-BCA6-342F9E02DB55}.Debug|Any CPU.Build.0 = Debug|Any CPU
		{BABCF26A-B9D2-437F-BCA6-342F9E02DB55}.Release|Any CPU.ActiveCfg = Release|Any CPU
		{BABCF26A-B9D2-437F-BCA6-342F9E02DB55}.Release|Any CPU.Build.0 = Release|Any CPU
		{D5486EA2-3EAA-412C-B2FD-26E7EEA8A09C}.Debug|Any CPU.ActiveCfg = Debug|Any CPU
		{D5486EA2-3EAA-412C-B2FD-26E7EEA8A09C}.Debug|Any CPU.Build.0 = Debug|Any CPU
		{D5486EA2-3EAA-412C-B2FD-26E7EEA8A09C}.Release|Any CPU.ActiveCfg = Release|Any CPU
		{D5486EA2-3EAA-412C-B2FD-26E7EEA8A09C}.Release|Any CPU.Build.0 = Release|Any CPU
	EndGlobalSection
	GlobalSection(SolutionProperties) = preSolution
		HideSolutionNode = FALSE
	EndGlobalSection
	GlobalSection(ExtensibilityGlobals) = postSolution
		SolutionGuid = {87C8609F-361A-420E-A74C-944D6057A190}
	EndGlobalSection
EndGlobal
